
Microsoft Visual Studio Solution File, Format Version 12.00
# Visual Studio Version 17
VisualStudioVersion = 17.0.32014.148
MinimumVisualStudioVersion = 10.0.40219.1
Project("{2150E333-8FDC-42A3-9474-1A3956D46DE8}") = "OrderManagement", "OrderManagement", "{7857AE85-DA4A-4B2F-BDAC-BA7DA876C0D9}"
EndProject
Project("{2150E333-8FDC-42A3-9474-1A3956D46DE8}") = "Catalog", "Catalog", "{58E56463-3C91-4A5E-BD5E-0F32E74803E9}"
EndProject
Project("{2150E333-8FDC-42A3-9474-1A3956D46DE8}") = "Inventory", "Inventory", "{94BE73F0-7659-45CC-AA44-3B30E7583BE4}"
EndProject
Project("{2150E333-8FDC-42A3-9474-1A3956D46DE8}") = "Customer", "Customer", "{2C60A8D1-699E-47BE-BDD6-48544EDAFF73}"
EndProject
Project("{2150E333-8FDC-42A3-9474-1A3956D46DE8}") = "Applicartion", "Applicartion", "{C85B496F-1265-4F6A-9A3F-F98A69A5619C}"
EndProject
Project("{9A19103F-16F7-4668-BE54-9A1E7A4F7556}") = "OrderManagement.ApplicationService", "OrderManagement.ApplicationService\OrderManagement.ApplicationService.csproj", "{2B0DA1EC-ADA6-4EBD-93E0-E15AB0F69608}"
EndProject
Project("{2150E333-8FDC-42A3-9474-1A3956D46DE8}") = "test", "test", "{ADD85216-8C91-4520-97EA-5FB9B881EFDA}"
EndProject
Project("{2150E333-8FDC-42A3-9474-1A3956D46DE8}") = "infrastructure", "infrastructure", "{8C2F6087-E58C-4C0D-93E3-CFBCF1F0E678}"
EndProject
Project("{2150E333-8FDC-42A3-9474-1A3956D46DE8}") = "0-Framework", "0-Framework", "{F94292BD-2DE9-4E22-8C18-67E5A0381625}"
EndProject
Project("{9A19103F-16F7-4668-BE54-9A1E7A4F7556}") = "Framework.Core", "Framework.Core\Framework.Core.csproj", "{73B61FE8-A8A9-43FE-8722-4845BE7159FF}"
EndProject
Project("{9A19103F-16F7-4668-BE54-9A1E7A4F7556}") = "OrderManagement.DomainContract", "OrderManagement.DomainContract\OrderManagement.DomainContract.csproj", "{674EEE0F-14E8-4521-B49F-5F005E989051}"
EndProject
Project("{2150E333-8FDC-42A3-9474-1A3956D46DE8}") = "Api", "Api", "{19020F71-7408-4A9B-A12F-B8A8084F0C31}"
EndProject
Project("{9A19103F-16F7-4668-BE54-9A1E7A4F7556}") = "OrderManagement.Api", "OrderManagement.Api\OrderManagement.Api.csproj", "{03D87D25-04FF-4884-96CA-AEB61DAFC29C}"
EndProject
Project("{9A19103F-16F7-4668-BE54-9A1E7A4F7556}") = "OrderManagement.Test", "OrderManagement.Test\OrderManagement.Test.csproj", "{F3A4AFD6-DE38-4392-8208-C5F485E3E6DD}"
EndProject
Project("{9A19103F-16F7-4668-BE54-9A1E7A4F7556}") = "OrderManagement.Persistence.Ef", "OrderManagement.Persistence.Ef\OrderManagement.Persistence.Ef.csproj", "{CBE9E7E6-151F-48DA-9712-1086AC95FF5D}"
EndProject
Project("{9A19103F-16F7-4668-BE54-9A1E7A4F7556}") = "Framework.Messaging.MassTransit", "Framework.Messaging.MassTransit\Framework.Messaging.MassTransit.csproj", "{5BF14ADB-2054-4568-8A38-08C675C1C349}"
EndProject
Project("{2150E333-8FDC-42A3-9474-1A3956D46DE8}") = "ReadModel", "ReadModel", "{DB34BFC3-B298-4632-8E35-8AAD884D0D5F}"
EndProject
Project("{9A19103F-16F7-4668-BE54-9A1E7A4F7556}") = "OrderManagement.QueryApi", "OrderManagement.QueryApi\OrderManagement.QueryApi.csproj", "{8CDFCDCB-DF98-40EE-8526-D88352236D4B}"
EndProject
Project("{9A19103F-16F7-4668-BE54-9A1E7A4F7556}") = "OrderManagement.Contract", "OrderManagement.Contract\OrderManagement.Contract.csproj", "{EF21A706-71D6-4CFB-98D4-FD379EE0E9DC}"
EndProject
Project("{9A19103F-16F7-4668-BE54-9A1E7A4F7556}") = "Framework.Persistence.EF", "Framework.Persistence.EF\Framework.Persistence.EF.csproj", "{D9A70444-27AF-4B65-A79B-4C2CF826C7B1}"
EndProject
Project("{9A19103F-16F7-4668-BE54-9A1E7A4F7556}") = "Framework.OutboxEventPublisher", "Framework.OutboxEventPublisher\Framework.OutboxEventPublisher.csproj", "{5C739E85-C9EC-4228-9DB8-C757D5B791CB}"
EndProject
Project("{9A19103F-16F7-4668-BE54-9A1E7A4F7556}") = "OrderManagement.Domain", "OrdeManagement.Domain\OrderManagement.Domain.csproj", "{4DA976DF-482F-44F3-B50F-496D2036DDC7}"
EndProject
Project("{FAE04EC0-301F-11D3-BF4B-00C04F79EFBC}") = "OrderManagement.OutboxPublisher", "OrderManagement.OutboxPublisher\OrderManagement.OutboxPublisher.csproj", "{DB9B7518-47E7-4645-B971-3BC30C7209AB}"
EndProject
Project("{9A19103F-16F7-4668-BE54-9A1E7A4F7556}") = "OrderManagement.Persistence.LiteDb", "OrderManagement.Persistence.LiteDb\OrderManagement.Persistence.LiteDb.csproj", "{AB33DF11-FA08-4D16-9E54-9F80352BED94}"
EndProject
Project("{FAE04EC0-301F-11D3-BF4B-00C04F79EFBC}") = "ProductCatalog.Management.Api", "ProductCatalog.Management.Api\ProductCatalog.Management.Api.csproj", "{85BCB54C-3579-4F4C-98F1-CB8C3F899794}"
EndProject
Project("{FAE04EC0-301F-11D3-BF4B-00C04F79EFBC}") = "CustomerManagement.Api", "CustomerManagement.Api\CustomerManagement.Api.csproj", "{DFCC7428-C250-49D5-AC45-ABA88E736FE1}"
EndProject
Global
	GlobalSection(SolutionConfigurationPlatforms) = preSolution
		Debug|Any CPU = Debug|Any CPU
		Release|Any CPU = Release|Any CPU
	EndGlobalSection
	GlobalSection(ProjectConfigurationPlatforms) = postSolution
		{2B0DA1EC-ADA6-4EBD-93E0-E15AB0F69608}.Debug|Any CPU.ActiveCfg = Debug|Any CPU
		{2B0DA1EC-ADA6-4EBD-93E0-E15AB0F69608}.Debug|Any CPU.Build.0 = Debug|Any CPU
		{2B0DA1EC-ADA6-4EBD-93E0-E15AB0F69608}.Release|Any CPU.ActiveCfg = Release|Any CPU
		{2B0DA1EC-ADA6-4EBD-93E0-E15AB0F69608}.Release|Any CPU.Build.0 = Release|Any CPU
		{73B61FE8-A8A9-43FE-8722-4845BE7159FF}.Debug|Any CPU.ActiveCfg = Debug|Any CPU
		{73B61FE8-A8A9-43FE-8722-4845BE7159FF}.Debug|Any CPU.Build.0 = Debug|Any CPU
		{73B61FE8-A8A9-43FE-8722-4845BE7159FF}.Release|Any CPU.ActiveCfg = Release|Any CPU
		{73B61FE8-A8A9-43FE-8722-4845BE7159FF}.Release|Any CPU.Build.0 = Release|Any CPU
		{674EEE0F-14E8-4521-B49F-5F005E989051}.Debug|Any CPU.ActiveCfg = Debug|Any CPU
		{674EEE0F-14E8-4521-B49F-5F005E989051}.Debug|Any CPU.Build.0 = Debug|Any CPU
		{674EEE0F-14E8-4521-B49F-5F005E989051}.Release|Any CPU.ActiveCfg = Release|Any CPU
		{674EEE0F-14E8-4521-B49F-5F005E989051}.Release|Any CPU.Build.0 = Release|Any CPU
		{03D87D25-04FF-4884-96CA-AEB61DAFC29C}.Debug|Any CPU.ActiveCfg = Debug|Any CPU
		{03D87D25-04FF-4884-96CA-AEB61DAFC29C}.Debug|Any CPU.Build.0 = Debug|Any CPU
		{03D87D25-04FF-4884-96CA-AEB61DAFC29C}.Release|Any CPU.ActiveCfg = Release|Any CPU
		{03D87D25-04FF-4884-96CA-AEB61DAFC29C}.Release|Any CPU.Build.0 = Release|Any CPU
		{F3A4AFD6-DE38-4392-8208-C5F485E3E6DD}.Debug|Any CPU.ActiveCfg = Debug|Any CPU
		{F3A4AFD6-DE38-4392-8208-C5F485E3E6DD}.Debug|Any CPU.Build.0 = Debug|Any CPU
		{F3A4AFD6-DE38-4392-8208-C5F485E3E6DD}.Release|Any CPU.ActiveCfg = Release|Any CPU
		{F3A4AFD6-DE38-4392-8208-C5F485E3E6DD}.Release|Any CPU.Build.0 = Release|Any CPU
		{CBE9E7E6-151F-48DA-9712-1086AC95FF5D}.Debug|Any CPU.ActiveCfg = Debug|Any CPU
		{CBE9E7E6-151F-48DA-9712-1086AC95FF5D}.Debug|Any CPU.Build.0 = Debug|Any CPU
		{CBE9E7E6-151F-48DA-9712-1086AC95FF5D}.Release|Any CPU.ActiveCfg = Release|Any CPU
		{CBE9E7E6-151F-48DA-9712-1086AC95FF5D}.Release|Any CPU.Build.0 = Release|Any CPU
		{5BF14ADB-2054-4568-8A38-08C675C1C349}.Debug|Any CPU.ActiveCfg = Debug|Any CPU
		{5BF14ADB-2054-4568-8A38-08C675C1C349}.Debug|Any CPU.Build.0 = Debug|Any CPU
		{5BF14ADB-2054-4568-8A38-08C675C1C349}.Release|Any CPU.ActiveCfg = Release|Any CPU
		{5BF14ADB-2054-4568-8A38-08C675C1C349}.Release|Any CPU.Build.0 = Release|Any CPU
		{8CDFCDCB-DF98-40EE-8526-D88352236D4B}.Debug|Any CPU.ActiveCfg = Debug|Any CPU
		{8CDFCDCB-DF98-40EE-8526-D88352236D4B}.Debug|Any CPU.Build.0 = Debug|Any CPU
		{8CDFCDCB-DF98-40EE-8526-D88352236D4B}.Release|Any CPU.ActiveCfg = Release|Any CPU
		{8CDFCDCB-DF98-40EE-8526-D88352236D4B}.Release|Any CPU.Build.0 = Release|Any CPU
		{EF21A706-71D6-4CFB-98D4-FD379EE0E9DC}.Debug|Any CPU.ActiveCfg = Debug|Any CPU
		{EF21A706-71D6-4CFB-98D4-FD379EE0E9DC}.Debug|Any CPU.Build.0 = Debug|Any CPU
		{EF21A706-71D6-4CFB-98D4-FD379EE0E9DC}.Release|Any CPU.ActiveCfg = Release|Any CPU
		{EF21A706-71D6-4CFB-98D4-FD379EE0E9DC}.Release|Any CPU.Build.0 = Release|Any CPU
		{D9A70444-27AF-4B65-A79B-4C2CF826C7B1}.Debug|Any CPU.ActiveCfg = Debug|Any CPU
		{D9A70444-27AF-4B65-A79B-4C2CF826C7B1}.Debug|Any CPU.Build.0 = Debug|Any CPU
		{D9A70444-27AF-4B65-A79B-4C2CF826C7B1}.Release|Any CPU.ActiveCfg = Release|Any CPU
		{D9A70444-27AF-4B65-A79B-4C2CF826C7B1}.Release|Any CPU.Build.0 = Release|Any CPU
		{5C739E85-C9EC-4228-9DB8-C757D5B791CB}.Debug|Any CPU.ActiveCfg = Debug|Any CPU
		{5C739E85-C9EC-4228-9DB8-C757D5B791CB}.Debug|Any CPU.Build.0 = Debug|Any CPU
		{5C739E85-C9EC-4228-9DB8-C757D5B791CB}.Release|Any CPU.ActiveCfg = Release|Any CPU
		{5C739E85-C9EC-4228-9DB8-C757D5B791CB}.Release|Any CPU.Build.0 = Release|Any CPU
		{4DA976DF-482F-44F3-B50F-496D2036DDC7}.Debug|Any CPU.ActiveCfg = Debug|Any CPU
		{4DA976DF-482F-44F3-B50F-496D2036DDC7}.Debug|Any CPU.Build.0 = Debug|Any CPU
		{4DA976DF-482F-44F3-B50F-496D2036DDC7}.Release|Any CPU.ActiveCfg = Release|Any CPU
		{4DA976DF-482F-44F3-B50F-496D2036DDC7}.Release|Any CPU.Build.0 = Release|Any CPU
		{DB9B7518-47E7-4645-B971-3BC30C7209AB}.Debug|Any CPU.ActiveCfg = Debug|Any CPU
		{DB9B7518-47E7-4645-B971-3BC30C7209AB}.Debug|Any CPU.Build.0 = Debug|Any CPU
		{DB9B7518-47E7-4645-B971-3BC30C7209AB}.Release|Any CPU.ActiveCfg = Release|Any CPU
		{DB9B7518-47E7-4645-B971-3BC30C7209AB}.Release|Any CPU.Build.0 = Release|Any CPU
		{AB33DF11-FA08-4D16-9E54-9F80352BED94}.Debug|Any CPU.ActiveCfg = Debug|Any CPU
		{AB33DF11-FA08-4D16-9E54-9F80352BED94}.Debug|Any CPU.Build.0 = Debug|Any CPU
		{AB33DF11-FA08-4D16-9E54-9F80352BED94}.Release|Any CPU.ActiveCfg = Release|Any CPU
		{AB33DF11-FA08-4D16-9E54-9F80352BED94}.Release|Any CPU.Build.0 = Release|Any CPU
		{85BCB54C-3579-4F4C-98F1-CB8C3F899794}.Debug|Any CPU.ActiveCfg = Debug|Any CPU
		{85BCB54C-3579-4F4C-98F1-CB8C3F899794}.Debug|Any CPU.Build.0 = Debug|Any CPU
		{85BCB54C-3579-4F4C-98F1-CB8C3F899794}.Release|Any CPU.ActiveCfg = Release|Any CPU
		{85BCB54C-3579-4F4C-98F1-CB8C3F899794}.Release|Any CPU.Build.0 = Release|Any CPU
		{DFCC7428-C250-49D5-AC45-ABA88E736FE1}.Debug|Any CPU.ActiveCfg = Debug|Any CPU
		{DFCC7428-C250-49D5-AC45-ABA88E736FE1}.Debug|Any CPU.Build.0 = Debug|Any CPU
		{DFCC7428-C250-49D5-AC45-ABA88E736FE1}.Release|Any CPU.ActiveCfg = Release|Any CPU
		{DFCC7428-C250-49D5-AC45-ABA88E736FE1}.Release|Any CPU.Build.0 = Release|Any CPU
	EndGlobalSection
	GlobalSection(SolutionProperties) = preSolution
		HideSolutionNode = FALSE
	EndGlobalSection
	GlobalSection(NestedProjects) = preSolution
		{C85B496F-1265-4F6A-9A3F-F98A69A5619C} = {7857AE85-DA4A-4B2F-BDAC-BA7DA876C0D9}
		{2B0DA1EC-ADA6-4EBD-93E0-E15AB0F69608} = {C85B496F-1265-4F6A-9A3F-F98A69A5619C}
		{ADD85216-8C91-4520-97EA-5FB9B881EFDA} = {7857AE85-DA4A-4B2F-BDAC-BA7DA876C0D9}
		{8C2F6087-E58C-4C0D-93E3-CFBCF1F0E678} = {7857AE85-DA4A-4B2F-BDAC-BA7DA876C0D9}
		{73B61FE8-A8A9-43FE-8722-4845BE7159FF} = {F94292BD-2DE9-4E22-8C18-67E5A0381625}
		{674EEE0F-14E8-4521-B49F-5F005E989051} = {C85B496F-1265-4F6A-9A3F-F98A69A5619C}
		{19020F71-7408-4A9B-A12F-B8A8084F0C31} = {7857AE85-DA4A-4B2F-BDAC-BA7DA876C0D9}
		{03D87D25-04FF-4884-96CA-AEB61DAFC29C} = {19020F71-7408-4A9B-A12F-B8A8084F0C31}
		{F3A4AFD6-DE38-4392-8208-C5F485E3E6DD} = {ADD85216-8C91-4520-97EA-5FB9B881EFDA}
		{CBE9E7E6-151F-48DA-9712-1086AC95FF5D} = {8C2F6087-E58C-4C0D-93E3-CFBCF1F0E678}
		{5BF14ADB-2054-4568-8A38-08C675C1C349} = {F94292BD-2DE9-4E22-8C18-67E5A0381625}
		{DB34BFC3-B298-4632-8E35-8AAD884D0D5F} = {7857AE85-DA4A-4B2F-BDAC-BA7DA876C0D9}
		{8CDFCDCB-DF98-40EE-8526-D88352236D4B} = {DB34BFC3-B298-4632-8E35-8AAD884D0D5F}
		{EF21A706-71D6-4CFB-98D4-FD379EE0E9DC} = {DB34BFC3-B298-4632-8E35-8AAD884D0D5F}
		{D9A70444-27AF-4B65-A79B-4C2CF826C7B1} = {F94292BD-2DE9-4E22-8C18-67E5A0381625}
		{5C739E85-C9EC-4228-9DB8-C757D5B791CB} = {F94292BD-2DE9-4E22-8C18-67E5A0381625}
		{4DA976DF-482F-44F3-B50F-496D2036DDC7} = {C85B496F-1265-4F6A-9A3F-F98A69A5619C}
		{DB9B7518-47E7-4645-B971-3BC30C7209AB} = {8C2F6087-E58C-4C0D-93E3-CFBCF1F0E678}
		{AB33DF11-FA08-4D16-9E54-9F80352BED94} = {8C2F6087-E58C-4C0D-93E3-CFBCF1F0E678}
		{85BCB54C-3579-4F4C-98F1-CB8C3F899794} = {58E56463-3C91-4A5E-BD5E-0F32E74803E9}
		{DFCC7428-C250-49D5-AC45-ABA88E736FE1} = {2C60A8D1-699E-47BE-BDD6-48544EDAFF73}
	EndGlobalSection
	GlobalSection(ExtensibilityGlobals) = postSolution
		SolutionGuid = {F5E55967-1254-486E-B661-517FD7492B59}
	EndGlobalSection
EndGlobal
